
Microsoft Visual Studio Solution File, Format Version 12.00
# Visual Studio 15
VisualStudioVersion = 15.0.28307.1062
MinimumVisualStudioVersion = 10.0.40219.1
Project("{FAE04EC0-301F-11D3-BF4B-00C04F79EFBC}") = "Calculator", "Calculator\Calculator.csproj", "{B72D662D-F22A-4FED-9DD9-2A24E5636AC8}"
EndProject
Global
	GlobalSection(SolutionConfigurationPlatforms) = preSolution
		Debug|Any CPU = Debug|Any CPU
		Release|Any CPU = Release|Any CPU
	EndGlobalSection
	GlobalSection(ProjectConfigurationPlatforms) = postSolution
		{B72D662D-F22A-4FED-9DD9-2A24E5636AC8}.Debug|Any CPU.ActiveCfg = Debug|Any CPU
		{B72D662D-F22A-4FED-9DD9-2A24E5636AC8}.Debug|Any CPU.Build.0 = Debug|Any CPU
		{B72D662D-F22A-4FED-9DD9-2A24E5636AC8}.Release|Any CPU.ActiveCfg = Release|Any CPU
		{B72D662D-F22A-4FED-9DD9-2A24E5636AC8}.Release|Any CPU.Build.0 = Release|Any CPU
	EndGlobalSection
	GlobalSection(SolutionProperties) = preSolution
		HideSolutionNode = FALSE
	EndGlobalSection
	GlobalSection(ExtensibilityGlobals) = postSolution
		SolutionGuid = {A30DE1FA-F92B-405F-84DE-EAA6D3C65E36}
	EndGlobalSection
EndGlobal
